
Microsoft Visual Studio Solution File, Format Version 12.00
# Visual Studio 15
VisualStudioVersion = 15.0.26430.12
MinimumVisualStudioVersion = 10.0.40219.1
Project("{9A19103F-16F7-4668-BE54-9A1E7A4F7556}") = "Lykke.Service.Assets", "src\Lykke.Service.Assets\Lykke.Service.Assets.csproj", "{80BA53B9-CA23-49E0-B9FE-DBA581E82B47}"
EndProject
Project("{FAE04EC0-301F-11D3-BF4B-00C04F79EFBC}") = "Lykke.Service.Assets.Core", "src\Lykke.Service.Assets.Core\Lykke.Service.Assets.Core.csproj", "{C03B07DC-09E2-49E3-8FAE-B3313A9B72B0}"
EndProject
Project("{FAE04EC0-301F-11D3-BF4B-00C04F79EFBC}") = "Lykke.Service.Assets.Services", "src\Lykke.Service.Assets.Services\Lykke.Service.Assets.Services.csproj", "{F3408D63-424D-4269-9D4F-ECA5191C2FF9}"
EndProject
Project("{FAE04EC0-301F-11D3-BF4B-00C04F79EFBC}") = "Lykke.Service.Assets.Repositories", "src\Lykke.Service.Assets.Repositories\Lykke.Service.Assets.Repositories.csproj", "{65E68E61-BBDC-48BC-BDF5-74A538666435}"
EndProject
Project("{FAE04EC0-301F-11D3-BF4B-00C04F79EFBC}") = "Lykke.Service.Assets.Tests", "tests\Lykke.Service.Assets.Tests\Lykke.Service.Assets.Tests.csproj", "{20BDF5E2-CBB0-4A8F-B7A1-5F47B1418FD8}"
EndProject
Project("{2150E333-8FDC-42A3-9474-1A3956D46DE8}") = "1. Core", "1. Core", "{9ED8EFD0-B340-4111-9BA1-F79B205DB0D3}"
EndProject
Project("{2150E333-8FDC-42A3-9474-1A3956D46DE8}") = "2. Repositories", "2. Repositories", "{0C32A041-EA3F-4888-A58E-2B50F0AE0E58}"
EndProject
Project("{2150E333-8FDC-42A3-9474-1A3956D46DE8}") = "3. Tests", "3. Tests", "{6F04271F-62A2-4C7F-82D9-EDBD1773C745}"
EndProject
Project("{2150E333-8FDC-42A3-9474-1A3956D46DE8}") = "4. Client", "4. Client", "{3420C66E-488B-49E5-95D4-992D9E1F7540}"
EndProject
Project("{9A19103F-16F7-4668-BE54-9A1E7A4F7556}") = "Lykke.Service.Assets.Client", "client\Lykke.Service.Assets.Client\Lykke.Service.Assets.Client.csproj", "{747B8280-19C3-44F9-8B27-BB24CD1420A1}"
EndProject
Project("{2150E333-8FDC-42A3-9474-1A3956D46DE8}") = "Scripts", "Scripts", "{1F5202EC-8C70-44EF-9D83-DC19D1FB4F2F}"
	ProjectSection(SolutionItems) = preProject
		client\scripts\update.ps1 = client\scripts\update.ps1
	EndProjectSection
EndProject
Global
	GlobalSection(SolutionConfigurationPlatforms) = preSolution
		Debug|Any CPU = Debug|Any CPU
		Release|Any CPU = Release|Any CPU
	EndGlobalSection
	GlobalSection(ProjectConfigurationPlatforms) = postSolution
		{80BA53B9-CA23-49E0-B9FE-DBA581E82B47}.Debug|Any CPU.ActiveCfg = Debug|Any CPU
		{80BA53B9-CA23-49E0-B9FE-DBA581E82B47}.Debug|Any CPU.Build.0 = Debug|Any CPU
		{80BA53B9-CA23-49E0-B9FE-DBA581E82B47}.Release|Any CPU.ActiveCfg = Release|Any CPU
		{80BA53B9-CA23-49E0-B9FE-DBA581E82B47}.Release|Any CPU.Build.0 = Release|Any CPU
		{C03B07DC-09E2-49E3-8FAE-B3313A9B72B0}.Debug|Any CPU.ActiveCfg = Debug|Any CPU
		{C03B07DC-09E2-49E3-8FAE-B3313A9B72B0}.Debug|Any CPU.Build.0 = Debug|Any CPU
		{C03B07DC-09E2-49E3-8FAE-B3313A9B72B0}.Release|Any CPU.ActiveCfg = Release|Any CPU
		{C03B07DC-09E2-49E3-8FAE-B3313A9B72B0}.Release|Any CPU.Build.0 = Release|Any CPU
		{F3408D63-424D-4269-9D4F-ECA5191C2FF9}.Debug|Any CPU.ActiveCfg = Debug|Any CPU
		{F3408D63-424D-4269-9D4F-ECA5191C2FF9}.Debug|Any CPU.Build.0 = Debug|Any CPU
		{F3408D63-424D-4269-9D4F-ECA5191C2FF9}.Release|Any CPU.ActiveCfg = Release|Any CPU
		{F3408D63-424D-4269-9D4F-ECA5191C2FF9}.Release|Any CPU.Build.0 = Release|Any CPU
		{65E68E61-BBDC-48BC-BDF5-74A538666435}.Debug|Any CPU.ActiveCfg = Debug|Any CPU
		{65E68E61-BBDC-48BC-BDF5-74A538666435}.Debug|Any CPU.Build.0 = Debug|Any CPU
		{65E68E61-BBDC-48BC-BDF5-74A538666435}.Release|Any CPU.ActiveCfg = Release|Any CPU
		{65E68E61-BBDC-48BC-BDF5-74A538666435}.Release|Any CPU.Build.0 = Release|Any CPU
		{20BDF5E2-CBB0-4A8F-B7A1-5F47B1418FD8}.Debug|Any CPU.ActiveCfg = Debug|Any CPU
		{20BDF5E2-CBB0-4A8F-B7A1-5F47B1418FD8}.Debug|Any CPU.Build.0 = Debug|Any CPU
		{20BDF5E2-CBB0-4A8F-B7A1-5F47B1418FD8}.Release|Any CPU.ActiveCfg = Release|Any CPU
		{20BDF5E2-CBB0-4A8F-B7A1-5F47B1418FD8}.Release|Any CPU.Build.0 = Release|Any CPU
		{747B8280-19C3-44F9-8B27-BB24CD1420A1}.Debug|Any CPU.ActiveCfg = Debug|Any CPU
		{747B8280-19C3-44F9-8B27-BB24CD1420A1}.Debug|Any CPU.Build.0 = Debug|Any CPU
		{747B8280-19C3-44F9-8B27-BB24CD1420A1}.Release|Any CPU.ActiveCfg = Release|Any CPU
		{747B8280-19C3-44F9-8B27-BB24CD1420A1}.Release|Any CPU.Build.0 = Release|Any CPU
	EndGlobalSection
	GlobalSection(SolutionProperties) = preSolution
		HideSolutionNode = FALSE
	EndGlobalSection
	GlobalSection(NestedProjects) = preSolution
		{C03B07DC-09E2-49E3-8FAE-B3313A9B72B0} = {9ED8EFD0-B340-4111-9BA1-F79B205DB0D3}
		{F3408D63-424D-4269-9D4F-ECA5191C2FF9} = {9ED8EFD0-B340-4111-9BA1-F79B205DB0D3}
		{65E68E61-BBDC-48BC-BDF5-74A538666435} = {0C32A041-EA3F-4888-A58E-2B50F0AE0E58}
		{20BDF5E2-CBB0-4A8F-B7A1-5F47B1418FD8} = {6F04271F-62A2-4C7F-82D9-EDBD1773C745}
		{747B8280-19C3-44F9-8B27-BB24CD1420A1} = {3420C66E-488B-49E5-95D4-992D9E1F7540}
		{1F5202EC-8C70-44EF-9D83-DC19D1FB4F2F} = {3420C66E-488B-49E5-95D4-992D9E1F7540}
	EndGlobalSection
EndGlobal
